# Auto-generated lockfile (pip freeze over -r requirements.txt resolved for Ubuntu/CPython 3.12)
# Install with: python -m pip install --require-hashes --only-binary=:all: -r requirements.lock
# Native packages list hashes for every manylinux x86_64 wheel variant so any
# manylinux tag pip selects verifies. Regenerate after changing requirements.txt.
annotated-types==0.8.0 --hash=sha256:f072f4d804ea359e4eaf198b1af7a8b0943881a87f31bb764f8bf219bb9419e0
anyio==4.14.2 --hash=sha256:9f505dda5ac9f0c8309b5e8bd445a8c2bf7246f3ce950121e45ea15bc41d1494
asgiref==3.12.1 --hash=sha256:fe386d1c2bff7259ea95929266d12a8cf9a8b5a1c2598402967d8792e7a7c094
attrs==26.1.0 --hash=sha256:c647aa4a12dfbad9333ca4e71fe62ddc36f4e63b2d260a37a8b83d2f043ac309
certifi==2026.7.22 --hash=sha256:62f22742b58a1a33014a2b6b706588a8d7e2a88ae7bd1a6ebe8c992928483775
cffi==2.1.1 --hash=sha256:194cffa889098ced9976c3fc6340305e43f6303657d298da55366907c05c22d6 --hash=sha256:34e261f78cb6ceaaa36f42f2613f4380d94d9c759a9c73c769ee6e0247364632 --hash=sha256:c1453022f490d2459a11819d83ad1d586e9ff65a12ac3e705ffebd46d3685dcf --hash=sha256:a931079504ecc49efed7744c476a5c343a92fabf66dec2db95edb1b2fdc770e2 --hash=sha256:b0431303acaea1089ad4b3e9ce4e6518193def1118d4073ca848635ee4ea2e96 --hash=sha256:51b31d1c98274844cfd7838ce00bfc27c7423a4dc00fc0772fc3331c2cc90676 --hash=sha256:aeae0e330c9f6acd681f647d46cefd30c29f93e3392882e792e82080c9691399 --hash=sha256:363e05fa78e15116c3c32c210ee36884fd6b9afa6d440e47112c3bd511d64cb6
charset-normalizer==3.4.9 --hash=sha256:68e5f26a1ad57ded6d1cfb85331d1c1a195314756471d97758c48498bb4dcdf5
cryptography==42.0.8 --hash=sha256:e599b53fd95357d92304510fb7bda8523ed1f79ca98dce2f43c115950aa78801 --hash=sha256:6b7c4f03ce01afd3b76cf69a5455caa9cfa3de8c8f493e0d3ab7d20611c8dae9 --hash=sha256:a0608251135d0e03111152e41f0cc2392d1e74e35703960d4190b2e0f4ca9c70 --hash=sha256:9c0c1716c8447ee7dbf08d6db2e5c41c688544c61074b54fc4564196f55c25a7 --hash=sha256:c9bb2ae11bfbab395bdd072985abde58ea9860ed84e59dbc0463a5d0159f5b71 --hash=sha256:343728aac38decfdeecf55ecab3264b015be68fc2816ca800db649607aeee648
deprecation==2.1.0 --hash=sha256:a10811591210e1fb0e768a8c25517cabeabcba6f0bf96564f8ff45189f90b14a
dj-database-url==2.2.0 --hash=sha256:3e792567b0aa9a4884860af05fe2aa4968071ad351e033b6db632f97ac6db9de
django-cors-headers==4.3.1 --hash=sha256:0b1fd19297e37417fc9f835d39e45c8c642938ddba1acce0c1753d3edef04f36
django-filter==24.2 --hash=sha256:df2ee9857e18d38bed203c8745f62a803fa0f31688c9fe6f8e868120b1848e48
Django==5.0.6 --hash=sha256:8363ac062bb4ef7c3f12d078f6fa5d154031d129a15170a1066412af49d30905
djangorestframework-simplejwt==5.3.1 --hash=sha256:381bc966aa46913905629d472cd72ad45faa265509764e20ffd440164c88d220
djangorestframework==3.15.1 --hash=sha256:3ccc0475bce968608cf30d07fb17d8e52d1d7fc8bfe779c905463200750cbca6
drf-spectacular==0.30.0 --hash=sha256:006cf5921ebe20a9bd24f7c846261ebbf78780be5961b0d6e87afaa82afd62ff
et_xmlfile==2.0.0 --hash=sha256:7a91720bc756843502c3b7504c77b8fe44217c85c537d85037f0f536151b2caa
gotrue==2.12.4 --hash=sha256:cf36dfcebc1da63b8d1e7b93eb1a35dfee3dcb1e1376833c256464010eb5fcd6
gunicorn==22.0.0 --hash=sha256:350679f91b24062c86e386e198a15438d53a7a8207235a78ba1b53df4c4378d9
h11==0.16.0 --hash=sha256:63cf8bbe7522de3bf65932fda1d9c2772064ffb3dae62d55932da54b31cb6c86
h2==4.4.1 --hash=sha256:0e25f1462b23c9cb82d9eb02e28bc706dac2a68cb457c6a0d74d63c8a2a5d0e6
hpack==4.2.0 --hash=sha256:858ac0b02280fa582b5080d68db0899c62a80375e0e5413a74970c5e518b6986
httpcore==1.0.9 --hash=sha256:2d400746a40668fc9dec9810239072b40b4484b640a8c38fd654a024c7a1bf55
httpx==0.27.2 --hash=sha256:7bb2708e112d8fdd7829cd4243970f0c223274051cb35ee80c03301ee29a3df0
hyperframe==6.1.0 --hash=sha256:b03380493a519fce58ea5af42e4a42317bf9bd425596f7a0835ffce80f1a42e5
idna==3.18 --hash=sha256:7f952cbe720b688055e3f87de14f5c3e5fdaa8bc3928985c4077ca689de849a2
inflection==0.5.1 --hash=sha256:f38b2b640938a4f35ade69ac3d053042959b62a0f1076a5bbaa1b9526605a8a2
jsonschema-specifications==2025.9.1 --hash=sha256:98802fee3a11ee76ecaca44429fda8a41bff98b00a0f2838151b113f210cc6fe
jsonschema==4.26.0 --hash=sha256:d489f15263b8d200f8387e64b4c3a75f06629559fb73deb8fdfb525f2dab50ce
openpyxl==3.1.5 --hash=sha256:5282c12b107bffeef825f4617dc029afaf41d0ea60823bbb665ef3079dc79de2
packaging==26.3 --hash=sha256:d7193f7c8e4e93f444fde0262bf90af30e16fa0ad0ad44cb553c87339b23cd1c
pillow==10.3.0 --hash=sha256:261ddb7ca91fcf71757979534fb4c128448b5b4c55cb6152d280312062f69599 --hash=sha256:b14f16f94cbc61215115b9b1236f9c18403c15dd3c52cf629072afa9d54c1cbf --hash=sha256:9797a6c8fe16f25749b371c02e2ade0efb51155e767a971c61734b1bf6293994 --hash=sha256:1b87bd9d81d179bd8ab871603bd80d8645729939f90b71e62914e816a76fc6bd --hash=sha256:19aeb96d43902f0a783946a0a87dbdad5c84c936025b8419da0a0cd7724356b1 --hash=sha256:ff61bfd9253c3915e6d41c651d5f962da23eda633cf02262990094a18a55371a --hash=sha256:5d512aafa1d32efa014fa041d38868fda85028e3f930a96f85d49c7d8ddc0383 --hash=sha256:aa7e402ce11f0885305bfb6afb3434b3cd8f53b563ac065452d9d5654c7b86fd --hash=sha256:3102045a10945173d38336f6e71a8dc71bcaeed55c3123ad4af82c52807b9375 --hash=sha256:1dfc94946bc60ea375cc39cff0b8da6c7e5f8fcdc1d946beb8da5c216156ddd8 --hash=sha256:9e2ec1e921fd07c7cda7962bad283acc2f2a9ccc1b971ee4b216b75fad6f0463 --hash=sha256:16563993329b79513f59142a6b02055e10514c1a8e86dca8b48a893e33cf91e3 --hash=sha256:d93480005693d247f8346bc8ee28c72a2191bdf1f6b5db469c096c0c867ac015 --hash=sha256:1a1d1915db1a4fdb2754b9de292642a39a7fb28f1736699527bb649484fb966a
postgrest==0.16.11 --hash=sha256:22fb6b817ace1f68aa648fd4ce0f56d2786c9260fa4ed2cb9046191231a682b8
psycopg2-binary==2.9.9 --hash=sha256:ed1184ab8f113e8d660ce49a56390ca181f2981066acc27cf637d5c1e10ce46e --hash=sha256:977646e05232579d2e7b9c59e21dbe5261f403a88417f6a6512e70d3f8a046be --hash=sha256:6e6f98446430fdf41bd36d4faa6cb409f5140c1c2cf58ce0bbdaf16af7d3f119 --hash=sha256:275ff571376626195ab95a746e6a04c7df8ea34638b99fc11160de91f2fef503 --hash=sha256:ead20f7913a9c1e894aebe47cccf9dc834e1618b7aa96155d2091a626e59c972 --hash=sha256:3a58c98a7e9c021f357348867f537017057c2ed7f77337fd914d0bedb35dace7
pycparser==3.0 --hash=sha256:b727414169a36b7d524c1c3e31839a521725078d7b2ff038656844266160a992
pydantic==2.13.4 --hash=sha256:45a282cde31d808236fd7ea9d919b128653c8b38b393d1c4ab335c62924d9aba
pydantic_core==2.46.4 --hash=sha256:395aebd9183f9d112f569aeb5b2214d1a10a33bec8456447f7fbdfa51d38d4cd --hash=sha256:f9fa868638bf362d3d138ea55829cefb3d5f4b0d7f142234382a15e2485dbec4 --hash=sha256:926c9541b14b12b1681dca8a0b75feb510b06c6341b70a8e500c2fdcff837cce --hash=sha256:9551187363ffc0de2a00b2e47c25aeaeb1020b69b668762966df15fc5659dd5a --hash=sha256:7a5f930472650a82629163023e630d160863fce524c616f4e5186e5de9d9a49b --hash=sha256:7027560ee92211647d0d34e3f7cd6f50da56399d26a9c8ad0da286d3869a53f3 --hash=sha256:432c179df7874eeb73307aad2df0755e1ae0efa61ff0ea89b93e194411ae3928 --hash=sha256:66ce7632c22d837c95301830e111ad0128a32b8207533b60896a96c4915192ea --hash=sha256:00c603d540afdd6b80eb39f078f33ebd46211f02f33e34a32d9f053bba711de0 --hash=sha256:133878133d271ade3d41d1bfb2a45ec38dbdbda40bc065921c6b04e4630127e2
PyJWT==2.13.0 --hash=sha256:66adcc2aff09b3f1bbd95fc1e1577df8ac8723c978552fd43304c8a290ac5728
pypdf==4.2.0 --hash=sha256:dc035581664e0ad717e3492acebc1a5fc23dba759e788e3d4a9fc9b1a32e72c1
python-dateutil==2.9.0.post0 --hash=sha256:a8b2bc7bffae282281c8140a97d3aa9c14da0b136dfe83f850eea9a5f7470427
python-decouple==3.8 --hash=sha256:d0d45340815b25f4de59c974b855bb38d03151d81b037d9e3f463b0c9f8cbd66
python-dotenv==1.0.1 --hash=sha256:f7b63ef50f1b690dddf550d03497b66d609393b40b564ed0d674909a68ebf16a
PyYAML==6.0.3 --hash=sha256:9c7708761fccb9397fe64bbc0395abcae8c4bf7b0eac081e12b809bf47700d0b --hash=sha256:b8bb0864c5a28024fac8a632c443c87c5aa6f215c0b126c449ae1a150412f31d --hash=sha256:ba1cc08a7ccde2d2ec775841541641e4548226580ab850948cbfda66a1befcdc --hash=sha256:0f29edc409a6392443abf94b9cf89ce99889a1dd5376d94316ae5145dfedd5d6 --hash=sha256:c458b6d084f9b935061bc36216e8a69a7e293a2f1e68bf956dcd9e6cbcd143f5 --hash=sha256:00c4bdeba853cc34e7dd471f16b4114f4162dc03e6b7afcc2128711f0eca823c --hash=sha256:22ba7cfcad58ef3ecddc7ed1db3409af68d023b7f940da23c6c2a1890976eda6 --hash=sha256:0150219816b6a1fa26fb4699fb7daa9caf09eb1999f3b70fb6e786805e80375a
realtime==1.0.6 --hash=sha256:c66918a106d8ef348d1821f2dbf6683d8833825580d95b2fdea9995406b42838
redis==5.0.8 --hash=sha256:56134ee08ea909106090934adc36f65c9bcbbaecea5b21ba704ba6fb561f8eb4
referencing==0.37.0 --hash=sha256:381329a9f99628c9069361716891d34ad94af76e461dcb0335825aecc7692231
reportlab==5.0.0 --hash=sha256:9d5a3affa84919e1111ede580031266a570e93b1ce388219621347965ff1d93c
rpds-py==2026.6.3 --hash=sha256:9c1255b302953c86a486b81d330d5ee1d5bd937691ce271b6be0ef0e299eaab7 --hash=sha256:ecabd69db66de867690f9797f2f8fa27ba501bbc24540cbdbdc649cd15888ba6 --hash=sha256:acac386b453c2516111b50985d60ce46e7fadb5ea71ae7b25f4c946935bf27cf --hash=sha256:dc319e5a1de4b6913aac94bf6a2f9e847371e0a140a43dd4991db1a09bc2d504 --hash=sha256:536bceea4fa4acf7e1c61da2b5786304367c816c8895be71b8f537c480b0ea1f --hash=sha256:8e4320744c1ffdd95a603def63344bfab2d33edeab301c5007e7de9f9f5b3885 --hash=sha256:79486287de1730dbaff3dbd124d0ca4d2ef7f9d29bf2544f1f93c09b5bcbbd12 --hash=sha256:a3450b693fde92133e9f51060568a4c31fcca76d5e53bbd611e689ca446517e9
ruff==0.16.2 --hash=sha256:ab3d62dde0b19facdd632008cc4827fc28ada7736c6bd35ab6f1050f0bfed53f
six==1.17.0 --hash=sha256:4721f391ed90541fddacab5acf947aa0d3dc7d27b2e1e8eda2be8970586c3274
sniffio==1.3.1 --hash=sha256:2f6da418d1f1e0fddd844478f41680e794e6051915791a034ff65e5f100525a2
sqlparse==0.5.5 --hash=sha256:12a08b3bf3eec877c519589833aed092e2444e68240a3577e8e26148acc7b1ba
storage3==0.7.7 --hash=sha256:ed80a2546cd0b5c22e2c30ea71096db6c99268daf2958c603488e7d72efb8426
StrEnum==0.4.15 --hash=sha256:a30cda4af7cc6b5bf52c8055bc4bf4b2b6b14a93b574626da33df53cf7740659
supabase==2.5.0 --hash=sha256:13e5ed9e9377a1a69e70ad18ed7b82997cf13ffcd28173952f7503e4d5067771
supafunc==0.4.7 --hash=sha256:0b63133ff14e3b311fc881c9ff2538d70985df9b700b443efb86940588672905
typing-inspection==0.4.3 --hash=sha256:5f42b23858a91e0b4ef521f5418f03a0da3c9216fd2995ef5e73463100e676cd
typing_extensions==4.16.0 --hash=sha256:481caa481374e813c1b176ada14e97f1f67a4539ce9cfeb3f350d78d6370c2e8
tzdata==2026.3 --hash=sha256:dc096730c87af6cab1b171c9d532be840741ff5d459015e7f6947bd7d7e54931
uritemplate==4.2.0 --hash=sha256:962201ba1c4edcab02e60f9a0d3821e82dfc5d2d6662a21abd533879bdb8a686
urllib3==1.26.19 --hash=sha256:37a0344459b199fce0e80b0d3569837ec6b6937435c5244e7fd73fa6006830f3
websockets==12.0 --hash=sha256:dc284bbc8d7c78a6c69e0c7325ab46ee5e40bb4d50e494d8131a07ef47500e9e
whitenoise==6.7.0 --hash=sha256:a1ae85e01fdc9815d12fa33f17765bc132ed2c54fa76daf9e39e879dd93566f6
